
Microsoft Visual Studio Solution File, Format Version 12.00
# Visual Studio 2013
VisualStudioVersion = 12.0.21005.1
MinimumVisualStudioVersion = 10.0.40219.1
Project("{FAE04EC0-301F-11D3-BF4B-00C04F79EFBC}") = "CBIR.Net", "CBIR.Net\CBIR.Net.csproj", "{4F637832-68E2-4371-8E4A-BCA897BB58CD}"
EndProject
Project("{FAE04EC0-301F-11D3-BF4B-00C04F79EFBC}") = "Demo", "Demo\Demo.csproj", "{4DDA9127-9D57-450D-AD24-BF8D003637BC}"
EndProject
Global
	GlobalSection(SolutionConfigurationPlatforms) = preSolution
		Debug|Any CPU = Debug|Any CPU
		Release|Any CPU = Release|Any CPU
	EndGlobalSection
	GlobalSection(ProjectConfigurationPlatforms) = postSolution
		{4F637832-68E2-4371-8E4A-BCA897BB58CD}.Debug|Any CPU.ActiveCfg = Debug|Any CPU
		{4F637832-68E2-4371-8E4A-BCA897BB58CD}.Debug|Any CPU.Build.0 = Debug|Any CPU
		{4F637832-68E2-4371-8E4A-BCA897BB58CD}.Release|Any CPU.ActiveCfg = Release|Any CPU
		{4F637832-68E2-4371-8E4A-BCA897BB58CD}.Release|Any CPU.Build.0 = Release|Any CPU
		{4DDA9127-9D57-450D-AD24-BF8D003637BC}.Debug|Any CPU.ActiveCfg = Debug|Any CPU
		{4DDA9127-9D57-450D-AD24-BF8D003637BC}.Debug|Any CPU.Build.0 = Debug|Any CPU
		{4DDA9127-9D57-450D-AD24-BF8D003637BC}.Release|Any CPU.ActiveCfg = Release|Any CPU
		{4DDA9127-9D57-450D-AD24-BF8D003637BC}.Release|Any CPU.Build.0 = Release|Any CPU
	EndGlobalSection
	GlobalSection(SolutionProperties) = preSolution
		HideSolutionNode = FALSE
	EndGlobalSection
EndGlobal
